{
  "name": "DPAttachments",
  "requires": true,
  "lockfileVersion": 1,
  "dependencies": {
    "tingle.js": {
      "version": "0.13.2",
      "resolved": "https://registry.npmjs.org/tingle.js/-/tingle.js-0.13.2.tgz",
      "integrity": "sha512-hbfHZZ/sMo+JXM47GQb57b+0lgdy+o8D1pNINSQG98cvTyH+AusafgnklVL983nFU6psjz0wr/OcHOgF/5f/Vw=="
    }
  }
}
