{
	"name": "resources",
	"lockfileVersion": 3,
	"requires": true,
	"packages": {
		"": {
			"dependencies": {
				"@fortawesome/fontawesome-free": "^6.5.1",
				"tingle.js": "^0.16.0"
			}
		},
		"node_modules/@fortawesome/fontawesome-free": {
			"version": "6.5.1",
			"resolved": "https://registry.npmjs.org/@fortawesome/fontawesome-free/-/fontawesome-free-6.5.1.tgz",
			"integrity": "sha512-CNy5vSwN3fsUStPRLX7fUYojyuzoEMSXPl7zSLJ8TgtRfjv24LOnOWKT2zYwaHZCJGkdyRnTmstR0P+Ah503Gw==",
			"hasInstallScript": true,
			"engines": {
				"node": ">=6"
			}
		},
		"node_modules/tingle.js": {
			"version": "0.16.0",
			"resolved": "https://registry.npmjs.org/tingle.js/-/tingle.js-0.16.0.tgz",
			"integrity": "sha512-xV4F2j7+QMxDfzuX59KhxiWKeAgI/QSC8o7k9rQu8hZD8TZefMTViq7l07DIcVDb30IlAPlyFRs6SnD1Fup6hA=="
		}
	}
}
