{
	"name": "resources",
	"lockfileVersion": 3,
	"requires": true,
	"packages": {
		"": {
			"dependencies": {
				"@fortawesome/fontawesome-free": "^7.1.0",
				"tingle.js": "^0.16.0"
			}
		},
		"node_modules/@fortawesome/fontawesome-free": {
			"version": "7.1.0",
			"resolved": "https://registry.npmjs.org/@fortawesome/fontawesome-free/-/fontawesome-free-7.1.0.tgz",
			"integrity": "sha512-+WxNld5ZCJHvPQCr/GnzCTVREyStrAJjisUPtUxG5ngDA8TMlPnKp6dddlTpai4+1GNmltAeuk1hJEkBohwZYA==",
			"license": "(CC-BY-4.0 AND OFL-1.1 AND MIT)",
			"engines": {
				"node": ">=6"
			}
		},
		"node_modules/tingle.js": {
			"version": "0.16.0",
			"resolved": "https://registry.npmjs.org/tingle.js/-/tingle.js-0.16.0.tgz",
			"integrity": "sha512-xV4F2j7+QMxDfzuX59KhxiWKeAgI/QSC8o7k9rQu8hZD8TZefMTViq7l07DIcVDb30IlAPlyFRs6SnD1Fup6hA==",
			"license": "MIT"
		}
	}
}
