{
    "_readme": [
        "This file locks the dependencies of your project to a known state",
        "Read more about it at https://getcomposer.org/doc/01-basic-usage.md#installing-dependencies",
        "This file is @generated automatically"
    ],
    "content-hash": "ee99a449fc8d912f23526d8d28d4750d",
    "packages": [
        {
            "name": "parsecsv/php-parsecsv",
            "version": "1.3.2",
            "source": {
                "type": "git",
                "url": "https://github.com/parsecsv/parsecsv-for-php.git",
                "reference": "2d6236cae09133e0533d34ed45ba1e1ecafffebb"
            },
            "dist": {
                "type": "zip",
                "url": "https://api.github.com/repos/parsecsv/parsecsv-for-php/zipball/2d6236cae09133e0533d34ed45ba1e1ecafffebb",
                "reference": "2d6236cae09133e0533d34ed45ba1e1ecafffebb",
                "shasum": ""
            },
            "require": {
                "php": ">=5.5"
            },
            "require-dev": {
                "phpunit/phpunit": "^6",
                "squizlabs/php_codesniffer": "^3.5"
            },
            "suggest": {
                "illuminate/support": "Fluent array interface for map functions"
            },
            "type": "library",
            "extra": {
                "branch-alias": {
                    "dev-master": "1.0.x-dev"
                }
            },
            "autoload": {
                "psr-4": {
                    "ParseCsv\\": "src"
                }
            },
            "notification-url": "https://packagist.org/downloads/",
            "license": [
                "MIT"
            ],
            "authors": [
                {
                    "name": "Jim Myhrberg",
                    "email": "contact@jimeh.me"
                },
                {
                    "name": "William Knauss",
                    "email": "will.knauss@gmail.com"
                },
                {
                    "name": "Susann Sgorzaly",
                    "homepage": "https://github.com/susgo"
                },
                {
                    "name": "Christian Bläul",
                    "homepage": "https://github.com/Fonata"
                }
            ],
            "description": "CSV data parser for PHP",
            "support": {
                "issues": "https://github.com/parsecsv/parsecsv-for-php/issues",
                "source": "https://github.com/parsecsv/parsecsv-for-php"
            },
            "time": "2021-11-07T14:15:46+00:00"
        },
        {
            "name": "ptlis/diff-parser",
            "version": "1.0.2",
            "source": {
                "type": "git",
                "url": "https://github.com/ptlis/diff-parser.git",
                "reference": "24b8d6c545ccf84bf131b49550c19e358d53ef02"
            },
            "dist": {
                "type": "zip",
                "url": "https://api.github.com/repos/ptlis/diff-parser/zipball/24b8d6c545ccf84bf131b49550c19e358d53ef02",
                "reference": "24b8d6c545ccf84bf131b49550c19e358d53ef02",
                "shasum": ""
            },
            "require": {
                "php": ">=7.2.0"
            },
            "require-dev": {
                "phpunit/phpunit": "^8.0.0"
            },
            "type": "library",
            "autoload": {
                "psr-4": {
                    "ptlis\\DiffParser\\": "src/",
                    "ptlis\\DiffParser\\Test\\": "tests/"
                }
            },
            "notification-url": "https://packagist.org/downloads/",
            "license": [
                "MIT"
            ],
            "authors": [
                {
                    "name": "brian ridley",
                    "email": "ptlis@ptlis.net"
                }
            ],
            "description": "A parser for unified diff files, returning a hydrated object graph.",
            "keywords": [
                "diff",
                "parser",
                "unified-diff"
            ],
            "support": {
                "issues": "https://github.com/ptlis/diff-parser/issues",
                "source": "https://github.com/ptlis/diff-parser/tree/1.0.2"
            },
            "time": "2021-09-11T14:08:02+00:00"
        }
    ],
    "packages-dev": [],
    "aliases": [],
    "minimum-stability": "stable",
    "stability-flags": [],
    "prefer-stable": false,
    "prefer-lowest": false,
    "platform": [],
    "platform-dev": [],
    "platform-overrides": {
        "php": "7.4"
    },
    "plugin-api-version": "2.3.0"
}
