{
    "_readme": [
        "This file locks the dependencies of your project to a known state",
        "Read more about it at https://getcomposer.org/doc/01-basic-usage.md#installing-dependencies",
        "This file is @generated automatically"
    ],
    "content-hash": "2b2e3f5577780cbb66c26c285dcd746a",
    "packages": [
        {
            "name": "parsecsv/php-parsecsv",
            "version": "1.1.1",
            "source": {
                "type": "git",
                "url": "https://github.com/parsecsv/parsecsv-for-php.git",
                "reference": "65566adcd3383da4820cd3bca27e51fe3fbaf15c"
            },
            "dist": {
                "type": "zip",
                "url": "https://api.github.com/repos/parsecsv/parsecsv-for-php/zipball/65566adcd3383da4820cd3bca27e51fe3fbaf15c",
                "reference": "65566adcd3383da4820cd3bca27e51fe3fbaf15c",
                "shasum": ""
            },
            "require": {
                "php": ">=5.5"
            },
            "require-dev": {
                "phpunit/phpunit": "4.1.*"
            },
            "suggest": {
                "illuminate/support": "Fluent array interface for map functions"
            },
            "type": "library",
            "autoload": {
                "psr-4": {
                    "ParseCsv\\": "src",
                    "ParseCsv\\extensions\\": "src\\extensions"
                }
            },
            "notification-url": "https://packagist.org/downloads/",
            "license": [
                "MIT"
            ],
            "authors": [
                {
                    "name": "Jim Myhrberg",
                    "email": "contact@jimeh.me"
                },
                {
                    "name": "William Knauss",
                    "email": "will.knauss@gmail.com"
                },
                {
                    "name": "Susann Sgorzaly",
                    "homepage": "https://github.com/susgo"
                },
                {
                    "name": "Christian Bläul",
                    "homepage": "https://github.com/Fonata"
                }
            ],
            "description": "CSV data parser for PHP",
            "time": "2019-02-02T19:40:45+00:00"
        },
        {
            "name": "ptlis/diff-parser",
            "version": "v0.6.0",
            "source": {
                "type": "git",
                "url": "https://github.com/ptlis/diff-parser.git",
                "reference": "6b2a8ab640faeb4cc57cde533612459b00fcbe21"
            },
            "dist": {
                "type": "zip",
                "url": "https://api.github.com/repos/ptlis/diff-parser/zipball/6b2a8ab640faeb4cc57cde533612459b00fcbe21",
                "reference": "6b2a8ab640faeb4cc57cde533612459b00fcbe21",
                "shasum": ""
            },
            "require": {
                "php": ">=5.3.0"
            },
            "require-dev": {
                "pdepend/pdepend": "~1.1",
                "phploc/phploc": "~2.0",
                "phpmd/phpmd": "@dev",
                "phpunit/phpunit": "~4.0",
                "sebastian/phpcpd": "~2.0",
                "squizlabs/php_codesniffer": "~1.5"
            },
            "type": "library",
            "autoload": {
                "psr-4": {
                    "ptlis\\DiffParser\\": "src/",
                    "ptlis\\DiffParser\\Test\\": "tests/"
                }
            },
            "notification-url": "https://packagist.org/downloads/",
            "license": [
                "MIT"
            ],
            "authors": [
                {
                    "name": "brian ridley",
                    "email": "ptlis@ptlis.net"
                }
            ],
            "description": "A parser for unified diff files, returning a hydrated object graph.",
            "keywords": [
                "diff",
                "parser",
                "unified-diff"
            ],
            "time": "2017-02-23T23:16:26+00:00"
        }
    ],
    "packages-dev": [],
    "aliases": [],
    "minimum-stability": "stable",
    "stability-flags": [],
    "prefer-stable": false,
    "prefer-lowest": false,
    "platform": [],
    "platform-dev": [],
    "platform-overrides": {
        "php": "5.6.0"
    }
}
