{
  "name": "DPAttachments",
  "requires": true,
  "lockfileVersion": 1,
  "dependencies": {
    "tingle.js": {
      "version": "0.15.3",
      "resolved": "https://registry.npmjs.org/tingle.js/-/tingle.js-0.15.3.tgz",
      "integrity": "sha512-67dMGXgjoPLmMGwoX88m+YQl48Je2PhK+9nL4dMxAc/zMFxWw2sURPus13+0qC9XZYhoaf+3exNgI40iJHnzIw=="
    }
  }
}
